
Microsoft Visual Studio Solution File, Format Version 12.00
# Visual Studio Version 16
VisualStudioVersion = 16.0.31205.134
MinimumVisualStudioVersion = 10.0.40219.1
Project("{FAE04EC0-301F-11D3-BF4B-00C04F79EFBC}") = "MyWpfAppDemo", "MyWpfAppDemo\MyWpfAppDemo.csproj", "{370F8440-E2D7-4F6A-BEA8-4B99931EE179}"
EndProject
Project("{FAE04EC0-301F-11D3-BF4B-00C04F79EFBC}") = "XamlControls", "XamlControls\XamlControls.csproj", "{7DB8BEAF-4C8D-4BA6-B1D2-5F75A194DE6C}"
EndProject
Project("{FAE04EC0-301F-11D3-BF4B-00C04F79EFBC}") = "AppCore", "AppCore\AppCore.csproj", "{2EED5A5E-C92D-4C23-B6B9-A6F0C811CFED}"
EndProject
Global
	GlobalSection(SolutionConfigurationPlatforms) = preSolution
		Debug|Any CPU = Debug|Any CPU
		Release|Any CPU = Release|Any CPU
	EndGlobalSection
	GlobalSection(ProjectConfigurationPlatforms) = postSolution
		{370F8440-E2D7-4F6A-BEA8-4B99931EE179}.Debug|Any CPU.ActiveCfg = Debug|Any CPU
		{370F8440-E2D7-4F6A-BEA8-4B99931EE179}.Debug|Any CPU.Build.0 = Debug|Any CPU
		{370F8440-E2D7-4F6A-BEA8-4B99931EE179}.Release|Any CPU.ActiveCfg = Release|Any CPU
		{370F8440-E2D7-4F6A-BEA8-4B99931EE179}.Release|Any CPU.Build.0 = Release|Any CPU
		{7DB8BEAF-4C8D-4BA6-B1D2-5F75A194DE6C}.Debug|Any CPU.ActiveCfg = Debug|Any CPU
		{7DB8BEAF-4C8D-4BA6-B1D2-5F75A194DE6C}.Debug|Any CPU.Build.0 = Debug|Any CPU
		{7DB8BEAF-4C8D-4BA6-B1D2-5F75A194DE6C}.Release|Any CPU.ActiveCfg = Release|Any CPU
		{7DB8BEAF-4C8D-4BA6-B1D2-5F75A194DE6C}.Release|Any CPU.Build.0 = Release|Any CPU
		{2EED5A5E-C92D-4C23-B6B9-A6F0C811CFED}.Debug|Any CPU.ActiveCfg = Debug|Any CPU
		{2EED5A5E-C92D-4C23-B6B9-A6F0C811CFED}.Debug|Any CPU.Build.0 = Debug|Any CPU
		{2EED5A5E-C92D-4C23-B6B9-A6F0C811CFED}.Release|Any CPU.ActiveCfg = Release|Any CPU
		{2EED5A5E-C92D-4C23-B6B9-A6F0C811CFED}.Release|Any CPU.Build.0 = Release|Any CPU
	EndGlobalSection
	GlobalSection(SolutionProperties) = preSolution
		HideSolutionNode = FALSE
	EndGlobalSection
	GlobalSection(ExtensibilityGlobals) = postSolution
		SolutionGuid = {65779CBD-26CF-43F3-BFCF-D44FD162DAD9}
	EndGlobalSection
EndGlobal
